// !$*UTF8*$!
{
	archiveVersion = 1;
	classes = {
	};
	objectVersion = 56;
	objects = {

/* Begin PBXBuildFile section */
		250FC2332CC1F9CF0023AE43 /* LoginView.swift in Sources */ = {isa = PBXBuildFile; fileRef = 250FC2322CC1F9CF0023AE43 /* LoginView.swift */; };
		250FC2372CC200D10023AE43 /* ServicesView.swift in Sources */ = {isa = PBXBuildFile; fileRef = 250FC2362CC200D10023AE43 /* ServicesView.swift */; };
		250FC2392CC200DF0023AE43 /* SettingsView.swift in Sources */ = {isa = PBXBuildFile; fileRef = 250FC2382CC200DF0023AE43 /* SettingsView.swift */; };
		250FC23B2CC201460023AE43 /* Tabs.swift in Sources */ = {isa = PBXBuildFile; fileRef = 250FC23A2CC201430023AE43 /* Tabs.swift */; };
		250FC23D2CC202D10023AE43 /* SignUpView.swift in Sources */ = {isa = PBXBuildFile; fileRef = 250FC23C2CC202C90023AE43 /* SignUpView.swift */; };
		250FC23F2CC205900023AE43 /* AppOpenScreen.swift in Sources */ = {isa = PBXBuildFile; fileRef = 250FC23E2CC205900023AE43 /* AppOpenScreen.swift */; };
		250FC2412CC208C80023AE43 /* TermsAndConditionsView.swift in Sources */ = {isa = PBXBuildFile; fileRef = 250FC2402CC208C80023AE43 /* TermsAndConditionsView.swift */; };
		2528D6282CC9DA8E000D5852 /* MedicationsView.swift in Sources */ = {isa = PBXBuildFile; fileRef = 2528D6272CC9DA8E000D5852 /* MedicationsView.swift */; };
		2528D6322CC9FB35000D5852 /* NutritionView.swift in Sources */ = {isa = PBXBuildFile; fileRef = 2528D6312CC9FB35000D5852 /* NutritionView.swift */; };
		2528D6362CC9FB86000D5852 /* NutritionWidgetView.swift in Sources */ = {isa = PBXBuildFile; fileRef = 2528D6352CC9FB86000D5852 /* NutritionWidgetView.swift */; };
		2562C0812CCA10CC009E4284 /* MedicationWidget.swift in Sources */ = {isa = PBXBuildFile; fileRef = 2562C0802CCA10CC009E4284 /* MedicationWidget.swift */; };
		25D6E3B92CC9CBD2004A2B1A /* EditProfilePage.swift in Sources */ = {isa = PBXBuildFile; fileRef = 25D6E3B82CC9CBC8004A2B1A /* EditProfilePage.swift */; };
		8F161C2D2CC1B36200E726E7 /* myHealthArc_new_frontendApp.swift in Sources */ = {isa = PBXBuildFile; fileRef = 8F161C2C2CC1B36200E726E7 /* myHealthArc_new_frontendApp.swift */; };
		8F161C2F2CC1B36200E726E7 /* ContentView.swift in Sources */ = {isa = PBXBuildFile; fileRef = 8F161C2E2CC1B36200E726E7 /* ContentView.swift */; };
		8F161C312CC1B36400E726E7 /* Assets.xcassets in Resources */ = {isa = PBXBuildFile; fileRef = 8F161C302CC1B36400E726E7 /* Assets.xcassets */; };
		8F161C342CC1B36400E726E7 /* Preview Assets.xcassets in Resources */ = {isa = PBXBuildFile; fileRef = 8F161C332CC1B36400E726E7 /* Preview Assets.xcassets */; };
		8F161C3E2CC1B36400E726E7 /* myHealthArc_new_frontendTests.swift in Sources */ = {isa = PBXBuildFile; fileRef = 8F161C3D2CC1B36400E726E7 /* myHealthArc_new_frontendTests.swift */; };
		8F161C482CC1B36400E726E7 /* myHealthArc_new_frontendUITests.swift in Sources */ = {isa = PBXBuildFile; fileRef = 8F161C472CC1B36400E726E7 /* myHealthArc_new_frontendUITests.swift */; };
		8F161C4A2CC1B36400E726E7 /* myHealthArc_new_frontendUITestsLaunchTests.swift in Sources */ = {isa = PBXBuildFile; fileRef = 8F161C492CC1B36400E726E7 /* myHealthArc_new_frontendUITestsLaunchTests.swift */; };
/* End PBXBuildFile section */

/* Begin PBXContainerItemProxy section */
		8F161C3A2CC1B36400E726E7 /* PBXContainerItemProxy */ = {
			isa = PBXContainerItemProxy;
			containerPortal = 8F161C212CC1B36200E726E7 /* Project object */;
			proxyType = 1;
			remoteGlobalIDString = 8F161C282CC1B36200E726E7;
			remoteInfo = "myHealthArc-new-frontend";
		};
		8F161C442CC1B36400E726E7 /* PBXContainerItemProxy */ = {
			isa = PBXContainerItemProxy;
			containerPortal = 8F161C212CC1B36200E726E7 /* Project object */;
			proxyType = 1;
			remoteGlobalIDString = 8F161C282CC1B36200E726E7;
			remoteInfo = "myHealthArc-new-frontend";
		};
/* End PBXContainerItemProxy section */

/* Begin PBXFileReference section */
		250FC2322CC1F9CF0023AE43 /* LoginView.swift */ = {isa = PBXFileReference; lastKnownFileType = sourcecode.swift; path = LoginView.swift; sourceTree = "<group>"; };
		250FC2362CC200D10023AE43 /* ServicesView.swift */ = {isa = PBXFileReference; lastKnownFileType = sourcecode.swift; path = ServicesView.swift; sourceTree = "<group>"; };
		250FC2382CC200DF0023AE43 /* SettingsView.swift */ = {isa = PBXFileReference; lastKnownFileType = sourcecode.swift; path = SettingsView.swift; sourceTree = "<group>"; };
		250FC23A2CC201430023AE43 /* Tabs.swift */ = {isa = PBXFileReference; lastKnownFileType = sourcecode.swift; path = Tabs.swift; sourceTree = "<group>"; };
		250FC23C2CC202C90023AE43 /* SignUpView.swift */ = {isa = PBXFileReference; lastKnownFileType = sourcecode.swift; path = SignUpView.swift; sourceTree = "<group>"; };
		250FC23E2CC205900023AE43 /* AppOpenScreen.swift */ = {isa = PBXFileReference; lastKnownFileType = sourcecode.swift; path = AppOpenScreen.swift; sourceTree = "<group>"; };
		250FC2402CC208C80023AE43 /* TermsAndConditionsView.swift */ = {isa = PBXFileReference; lastKnownFileType = sourcecode.swift; path = TermsAndConditionsView.swift; sourceTree = "<group>"; };
		2528D6272CC9DA8E000D5852 /* MedicationsView.swift */ = {isa = PBXFileReference; lastKnownFileType = sourcecode.swift; path = MedicationsView.swift; sourceTree = "<group>"; };
		2528D6312CC9FB35000D5852 /* NutritionView.swift */ = {isa = PBXFileReference; lastKnownFileType = sourcecode.swift; path = NutritionView.swift; sourceTree = "<group>"; };
		2528D6352CC9FB86000D5852 /* NutritionWidgetView.swift */ = {isa = PBXFileReference; lastKnownFileType = sourcecode.swift; path = NutritionWidgetView.swift; sourceTree = "<group>"; };
		2562C0802CCA10CC009E4284 /* MedicationWidget.swift */ = {isa = PBXFileReference; lastKnownFileType = sourcecode.swift; path = MedicationWidget.swift; sourceTree = "<group>"; };
		25D6E3B82CC9CBC8004A2B1A /* EditProfilePage.swift */ = {isa = PBXFileReference; lastKnownFileType = sourcecode.swift; path = EditProfilePage.swift; sourceTree = "<group>"; };
		5AD777E52CC330AF00DC2B8B /* myHealthArc-new-frontend.entitlements */ = {isa = PBXFileReference; lastKnownFileType = text.plist.entitlements; path = "myHealthArc-new-frontend.entitlements"; sourceTree = "<group>"; };
		8F161C292CC1B36200E726E7 /* myHealthArc-new-frontend.app */ = {isa = PBXFileReference; explicitFileType = wrapper.application; includeInIndex = 0; path = "myHealthArc-new-frontend.app"; sourceTree = BUILT_PRODUCTS_DIR; };
		8F161C2C2CC1B36200E726E7 /* myHealthArc_new_frontendApp.swift */ = {isa = PBXFileReference; lastKnownFileType = sourcecode.swift; path = myHealthArc_new_frontendApp.swift; sourceTree = "<group>"; };
		8F161C2E2CC1B36200E726E7 /* ContentView.swift */ = {isa = PBXFileReference; lastKnownFileType = sourcecode.swift; path = ContentView.swift; sourceTree = "<group>"; };
		8F161C302CC1B36400E726E7 /* Assets.xcassets */ = {isa = PBXFileReference; lastKnownFileType = folder.assetcatalog; path = Assets.xcassets; sourceTree = "<group>"; };
		8F161C332CC1B36400E726E7 /* Preview Assets.xcassets */ = {isa = PBXFileReference; lastKnownFileType = folder.assetcatalog; path = "Preview Assets.xcassets"; sourceTree = "<group>"; };
		8F161C392CC1B36400E726E7 /* myHealthArc-new-frontendTests.xctest */ = {isa = PBXFileReference; explicitFileType = wrapper.cfbundle; includeInIndex = 0; path = "myHealthArc-new-frontendTests.xctest"; sourceTree = BUILT_PRODUCTS_DIR; };
		8F161C3D2CC1B36400E726E7 /* myHealthArc_new_frontendTests.swift */ = {isa = PBXFileReference; lastKnownFileType = sourcecode.swift; path = myHealthArc_new_frontendTests.swift; sourceTree = "<group>"; };
		8F161C432CC1B36400E726E7 /* myHealthArc-new-frontendUITests.xctest */ = {isa = PBXFileReference; explicitFileType = wrapper.cfbundle; includeInIndex = 0; path = "myHealthArc-new-frontendUITests.xctest"; sourceTree = BUILT_PRODUCTS_DIR; };
		8F161C472CC1B36400E726E7 /* myHealthArc_new_frontendUITests.swift */ = {isa = PBXFileReference; lastKnownFileType = sourcecode.swift; path = myHealthArc_new_frontendUITests.swift; sourceTree = "<group>"; };
		8F161C492CC1B36400E726E7 /* myHealthArc_new_frontendUITestsLaunchTests.swift */ = {isa = PBXFileReference; lastKnownFileType = sourcecode.swift; path = myHealthArc_new_frontendUITestsLaunchTests.swift; sourceTree = "<group>"; };
/* End PBXFileReference section */

/* Begin PBXFrameworksBuildPhase section */
		8F161C262CC1B36200E726E7 /* Frameworks */ = {
			isa = PBXFrameworksBuildPhase;
			buildActionMask = 2147483647;
			files = (
			);
			runOnlyForDeploymentPostprocessing = 0;
		};
		8F161C362CC1B36400E726E7 /* Frameworks */ = {
			isa = PBXFrameworksBuildPhase;
			buildActionMask = 2147483647;
			files = (
			);
			runOnlyForDeploymentPostprocessing = 0;
		};
		8F161C402CC1B36400E726E7 /* Frameworks */ = {
			isa = PBXFrameworksBuildPhase;
			buildActionMask = 2147483647;
			files = (
			);
			runOnlyForDeploymentPostprocessing = 0;
		};
/* End PBXFrameworksBuildPhase section */

/* Begin PBXGroup section */
		8F161C202CC1B36200E726E7 = {
			isa = PBXGroup;
			children = (
				8F161C2B2CC1B36200E726E7 /* myHealthArc-new-frontend */,
				8F161C3C2CC1B36400E726E7 /* myHealthArc-new-frontendTests */,
				8F161C462CC1B36400E726E7 /* myHealthArc-new-frontendUITests */,
				8F161C2A2CC1B36200E726E7 /* Products */,
			);
			sourceTree = "<group>";
		};
		8F161C2A2CC1B36200E726E7 /* Products */ = {
			isa = PBXGroup;
			children = (
				8F161C292CC1B36200E726E7 /* myHealthArc-new-frontend.app */,
				8F161C392CC1B36400E726E7 /* myHealthArc-new-frontendTests.xctest */,
				8F161C432CC1B36400E726E7 /* myHealthArc-new-frontendUITests.xctest */,
			);
			name = Products;
			sourceTree = "<group>";
		};
		8F161C2B2CC1B36200E726E7 /* myHealthArc-new-frontend */ = {
			isa = PBXGroup;
			children = (
				5AD777E52CC330AF00DC2B8B /* myHealthArc-new-frontend.entitlements */,
				8F161C2C2CC1B36200E726E7 /* myHealthArc_new_frontendApp.swift */,
				8F161C2E2CC1B36200E726E7 /* ContentView.swift */,
				250FC2322CC1F9CF0023AE43 /* LoginView.swift */,
				250FC23A2CC201430023AE43 /* Tabs.swift */,
				8F161C302CC1B36400E726E7 /* Assets.xcassets */,
				250FC23C2CC202C90023AE43 /* SignUpView.swift */,
				250FC2382CC200DF0023AE43 /* SettingsView.swift */,
				250FC2362CC200D10023AE43 /* ServicesView.swift */,
				250FC2402CC208C80023AE43 /* TermsAndConditionsView.swift */,
				25D6E3B82CC9CBC8004A2B1A /* EditProfilePage.swift */,
				2528D6272CC9DA8E000D5852 /* MedicationsView.swift */,
				2528D6352CC9FB86000D5852 /* NutritionWidgetView.swift */,
				250FC23E2CC205900023AE43 /* AppOpenScreen.swift */,
				2562C0802CCA10CC009E4284 /* MedicationWidget.swift */,
				2528D6312CC9FB35000D5852 /* NutritionView.swift */,
				8F161C322CC1B36400E726E7 /* Preview Content */,
			);
			path = "myHealthArc-new-frontend";
			sourceTree = "<group>";
		};
		8F161C322CC1B36400E726E7 /* Preview Content */ = {
			isa = PBXGroup;
			children = (
				8F161C332CC1B36400E726E7 /* Preview Assets.xcassets */,
			);
			path = "Preview Content";
			sourceTree = "<group>";
		};
		8F161C3C2CC1B36400E726E7 /* myHealthArc-new-frontendTests */ = {
			isa = PBXGroup;
			children = (
				8F161C3D2CC1B36400E726E7 /* myHealthArc_new_frontendTests.swift */,
			);
			path = "myHealthArc-new-frontendTests";
			sourceTree = "<group>";
		};
		8F161C462CC1B36400E726E7 /* myHealthArc-new-frontendUITests */ = {
			isa = PBXGroup;
			children = (
				8F161C472CC1B36400E726E7 /* myHealthArc_new_frontendUITests.swift */,
				8F161C492CC1B36400E726E7 /* myHealthArc_new_frontendUITestsLaunchTests.swift */,
			);
			path = "myHealthArc-new-frontendUITests";
			sourceTree = "<group>";
		};
/* End PBXGroup section */

/* Begin PBXNativeTarget section */
		8F161C282CC1B36200E726E7 /* myHealthArc-new-frontend */ = {
			isa = PBXNativeTarget;
			buildConfigurationList = 8F161C4D2CC1B36400E726E7 /* Build configuration list for PBXNativeTarget "myHealthArc-new-frontend" */;
			buildPhases = (
				8F161C252CC1B36200E726E7 /* Sources */,
				8F161C262CC1B36200E726E7 /* Frameworks */,
				8F161C272CC1B36200E726E7 /* Resources */,
			);
			buildRules = (
			);
			dependencies = (
			);
			name = "myHealthArc-new-frontend";
			productName = "myHealthArc-new-frontend";
			productReference = 8F161C292CC1B36200E726E7 /* myHealthArc-new-frontend.app */;
			productType = "com.apple.product-type.application";
		};
		8F161C382CC1B36400E726E7 /* myHealthArc-new-frontendTests */ = {
			isa = PBXNativeTarget;
			buildConfigurationList = 8F161C502CC1B36400E726E7 /* Build configuration list for PBXNativeTarget "myHealthArc-new-frontendTests" */;
			buildPhases = (
				8F161C352CC1B36400E726E7 /* Sources */,
				8F161C362CC1B36400E726E7 /* Frameworks */,
				8F161C372CC1B36400E726E7 /* Resources */,
			);
			buildRules = (
			);
			dependencies = (
				8F161C3B2CC1B36400E726E7 /* PBXTargetDependency */,
			);
			name = "myHealthArc-new-frontendTests";
			productName = "myHealthArc-new-frontendTests";
			productReference = 8F161C392CC1B36400E726E7 /* myHealthArc-new-frontendTests.xctest */;
			productType = "com.apple.product-type.bundle.unit-test";
		};
		8F161C422CC1B36400E726E7 /* myHealthArc-new-frontendUITests */ = {
			isa = PBXNativeTarget;
			buildConfigurationList = 8F161C532CC1B36400E726E7 /* Build configuration list for PBXNativeTarget "myHealthArc-new-frontendUITests" */;
			buildPhases = (
				8F161C3F2CC1B36400E726E7 /* Sources */,
				8F161C402CC1B36400E726E7 /* Frameworks */,
				8F161C412CC1B36400E726E7 /* Resources */,
			);
			buildRules = (
			);
			dependencies = (
				8F161C452CC1B36400E726E7 /* PBXTargetDependency */,
			);
			name = "myHealthArc-new-frontendUITests";
			productName = "myHealthArc-new-frontendUITests";
			productReference = 8F161C432CC1B36400E726E7 /* myHealthArc-new-frontendUITests.xctest */;
			productType = "com.apple.product-type.bundle.ui-testing";
		};
/* End PBXNativeTarget section */

/* Begin PBXProject section */
		8F161C212CC1B36200E726E7 /* Project object */ = {
			isa = PBXProject;
			attributes = {
				BuildIndependentTargetsInParallel = 1;
				LastSwiftUpdateCheck = 1520;
				LastUpgradeCheck = 1520;
				TargetAttributes = {
					8F161C282CC1B36200E726E7 = {
						CreatedOnToolsVersion = 15.2;
					};
					8F161C382CC1B36400E726E7 = {
						CreatedOnToolsVersion = 15.2;
						TestTargetID = 8F161C282CC1B36200E726E7;
					};
					8F161C422CC1B36400E726E7 = {
						CreatedOnToolsVersion = 15.2;
						TestTargetID = 8F161C282CC1B36200E726E7;
					};
				};
			};
			buildConfigurationList = 8F161C242CC1B36200E726E7 /* Build configuration list for PBXProject "myHealthArc-new-frontend" */;
			compatibilityVersion = "Xcode 14.0";
			developmentRegion = en;
			hasScannedForEncodings = 0;
			knownRegions = (
				en,
				Base,
			);
			mainGroup = 8F161C202CC1B36200E726E7;
			productRefGroup = 8F161C2A2CC1B36200E726E7 /* Products */;
			projectDirPath = "";
			projectRoot = "";
			targets = (
				8F161C282CC1B36200E726E7 /* myHealthArc-new-frontend */,
				8F161C382CC1B36400E726E7 /* myHealthArc-new-frontendTests */,
				8F161C422CC1B36400E726E7 /* myHealthArc-new-frontendUITests */,
			);
		};
/* End PBXProject section */

/* Begin PBXResourcesBuildPhase section */
		8F161C272CC1B36200E726E7 /* Resources */ = {
			isa = PBXResourcesBuildPhase;
			buildActionMask = 2147483647;
			files = (
				8F161C342CC1B36400E726E7 /* Preview Assets.xcassets in Resources */,
				8F161C312CC1B36400E726E7 /* Assets.xcassets in Resources */,
			);
			runOnlyForDeploymentPostprocessing = 0;
		};
		8F161C372CC1B36400E726E7 /* Resources */ = {
			isa = PBXResourcesBuildPhase;
			buildActionMask = 2147483647;
			files = (
			);
			runOnlyForDeploymentPostprocessing = 0;
		};
		8F161C412CC1B36400E726E7 /* Resources */ = {
			isa = PBXResourcesBuildPhase;
			buildActionMask = 2147483647;
			files = (
			);
			runOnlyForDeploymentPostprocessing = 0;
		};
/* End PBXResourcesBuildPhase section */

/* Begin PBXSourcesBuildPhase section */
		8F161C252CC1B36200E726E7 /* Sources */ = {
			isa = PBXSourcesBuildPhase;
			buildActionMask = 2147483647;
			files = (
				25D6E3B92CC9CBD2004A2B1A /* EditProfilePage.swift in Sources */,
				2528D6362CC9FB86000D5852 /* NutritionWidgetView.swift in Sources */,
				250FC23B2CC201460023AE43 /* Tabs.swift in Sources */,
				250FC23F2CC205900023AE43 /* AppOpenScreen.swift in Sources */,
				2528D6282CC9DA8E000D5852 /* MedicationsView.swift in Sources */,
				250FC2412CC208C80023AE43 /* TermsAndConditionsView.swift in Sources */,
				250FC2372CC200D10023AE43 /* ServicesView.swift in Sources */,
				250FC2332CC1F9CF0023AE43 /* LoginView.swift in Sources */,
				250FC23D2CC202D10023AE43 /* SignUpView.swift in Sources */,
				250FC2392CC200DF0023AE43 /* SettingsView.swift in Sources */,
				2528D6322CC9FB35000D5852 /* NutritionView.swift in Sources */,
				8F161C2F2CC1B36200E726E7 /* ContentView.swift in Sources */,
				2562C0812CCA10CC009E4284 /* MedicationWidget.swift in Sources */,
				8F161C2D2CC1B36200E726E7 /* myHealthArc_new_frontendApp.swift in Sources */,
			);
			runOnlyForDeploymentPostprocessing = 0;
		};
		8F161C352CC1B36400E726E7 /* Sources */ = {
			isa = PBXSourcesBuildPhase;
			buildActionMask = 2147483647;
			files = (
				8F161C3E2CC1B36400E726E7 /* myHealthArc_new_frontendTests.swift in Sources */,
			);
			runOnlyForDeploymentPostprocessing = 0;
		};
		8F161C3F2CC1B36400E726E7 /* Sources */ = {
			isa = PBXSourcesBuildPhase;
			buildActionMask = 2147483647;
			files = (
				8F161C4A2CC1B36400E726E7 /* myHealthArc_new_frontendUITestsLaunchTests.swift in Sources */,
				8F161C482CC1B36400E726E7 /* myHealthArc_new_frontendUITests.swift in Sources */,
			);
			runOnlyForDeploymentPostprocessing = 0;
		};
/* End PBXSourcesBuildPhase section */

/* Begin PBXTargetDependency section */
		8F161C3B2CC1B36400E726E7 /* PBXTargetDependency */ = {
			isa = PBXTargetDependency;
			target = 8F161C282CC1B36200E726E7 /* myHealthArc-new-frontend */;
			targetProxy = 8F161C3A2CC1B36400E726E7 /* PBXContainerItemProxy */;
		};
		8F161C452CC1B36400E726E7 /* PBXTargetDependency */ = {
			isa = PBXTargetDependency;
			target = 8F161C282CC1B36200E726E7 /* myHealthArc-new-frontend */;
			targetProxy = 8F161C442CC1B36400E726E7 /* PBXContainerItemProxy */;
		};
/* End PBXTargetDependency section */

/* Begin XCBuildConfiguration section */
		8F161C4B2CC1B36400E726E7 /* Debug */ = {
			isa = XCBuildConfiguration;
			buildSettings = {
				ALWAYS_SEARCH_USER_PATHS = NO;
				ASSETCATALOG_COMPILER_GENERATE_SWIFT_ASSET_SYMBOL_EXTENSIONS = YES;
				CLANG_ANALYZER_NONNULL = YES;
				CLANG_ANALYZER_NUMBER_OBJECT_CONVERSION = YES_AGGRESSIVE;
				CLANG_CXX_LANGUAGE_STANDARD = "gnu++20";
				CLANG_ENABLE_MODULES = YES;
				CLANG_ENABLE_OBJC_ARC = YES;
				CLANG_ENABLE_OBJC_WEAK = YES;
				CLANG_WARN_BLOCK_CAPTURE_AUTORELEASING = YES;
				CLANG_WARN_BOOL_CONVERSION = YES;
				CLANG_WARN_COMMA = YES;
				CLANG_WARN_CONSTANT_CONVERSION = YES;
				CLANG_WARN_DEPRECATED_OBJC_IMPLEMENTATIONS = YES;
				CLANG_WARN_DIRECT_OBJC_ISA_USAGE = YES_ERROR;
				CLANG_WARN_DOCUMENTATION_COMMENTS = YES;
				CLANG_WARN_EMPTY_BODY = YES;
				CLANG_WARN_ENUM_CONVERSION = YES;
				CLANG_WARN_INFINITE_RECURSION = YES;
				CLANG_WARN_INT_CONVERSION = YES;
				CLANG_WARN_NON_LITERAL_NULL_CONVERSION = YES;
				CLANG_WARN_OBJC_IMPLICIT_RETAIN_SELF = YES;
				CLANG_WARN_OBJC_LITERAL_CONVERSION = YES;
				CLANG_WARN_OBJC_ROOT_CLASS = YES_ERROR;
				CLANG_WARN_QUOTED_INCLUDE_IN_FRAMEWORK_HEADER = YES;
				CLANG_WARN_RANGE_LOOP_ANALYSIS = YES;
				CLANG_WARN_STRICT_PROTOTYPES = YES;
				CLANG_WARN_SUSPICIOUS_MOVE = YES;
				CLANG_WARN_UNGUARDED_AVAILABILITY = YES_AGGRESSIVE;
				CLANG_WARN_UNREACHABLE_CODE = YES;
				CLANG_WARN__DUPLICATE_METHOD_MATCH = YES;
				COPY_PHASE_STRIP = NO;
				DEBUG_INFORMATION_FORMAT = dwarf;
				ENABLE_STRICT_OBJC_MSGSEND = YES;
				ENABLE_TESTABILITY = YES;
				ENABLE_USER_SCRIPT_SANDBOXING = YES;
				GCC_C_LANGUAGE_STANDARD = gnu17;
				GCC_DYNAMIC_NO_PIC = NO;
				GCC_NO_COMMON_BLOCKS = YES;
				GCC_OPTIMIZATION_LEVEL = 0;
				GCC_PREPROCESSOR_DEFINITIONS = (
					"DEBUG=1",
					"$(inherited)",
				);
				GCC_WARN_64_TO_32_BIT_CONVERSION = YES;
				GCC_WARN_ABOUT_RETURN_TYPE = YES_ERROR;
				GCC_WARN_UNDECLARED_SELECTOR = YES;
				GCC_WARN_UNINITIALIZED_AUTOS = YES_AGGRESSIVE;
				GCC_WARN_UNUSED_FUNCTION = YES;
				GCC_WARN_UNUSED_VARIABLE = YES;
				IPHONEOS_DEPLOYMENT_TARGET = 17.2;
				LOCALIZATION_PREFERS_STRING_CATALOGS = YES;
				MTL_ENABLE_DEBUG_INFO = INCLUDE_SOURCE;
				MTL_FAST_MATH = YES;
				ONLY_ACTIVE_ARCH = YES;
				SDKROOT = iphoneos;
				SWIFT_ACTIVE_COMPILATION_CONDITIONS = "DEBUG $(inherited)";
				SWIFT_OPTIMIZATION_LEVEL = "-Onone";
			};
			name = Debug;
		};
		8F161C4C2CC1B36400E726E7 /* Release */ = {
			isa = XCBuildConfiguration;
			buildSettings = {
				ALWAYS_SEARCH_USER_PATHS = NO;
				ASSETCATALOG_COMPILER_GENERATE_SWIFT_ASSET_SYMBOL_EXTENSIONS = YES;
				CLANG_ANALYZER_NONNULL = YES;
				CLANG_ANALYZER_NUMBER_OBJECT_CONVERSION = YES_AGGRESSIVE;
				CLANG_CXX_LANGUAGE_STANDARD = "gnu++20";
				CLANG_ENABLE_MODULES = YES;
				CLANG_ENABLE_OBJC_ARC = YES;
				CLANG_ENABLE_OBJC_WEAK = YES;
				CLANG_WARN_BLOCK_CAPTURE_AUTORELEASING = YES;
				CLANG_WARN_BOOL_CONVERSION = YES;
				CLANG_WARN_COMMA = YES;
				CLANG_WARN_CONSTANT_CONVERSION = YES;
				CLANG_WARN_DEPRECATED_OBJC_IMPLEMENTATIONS = YES;
				CLANG_WARN_DIRECT_OBJC_ISA_USAGE = YES_ERROR;
				CLANG_WARN_DOCUMENTATION_COMMENTS = YES;
				CLANG_WARN_EMPTY_BODY = YES;
				CLANG_WARN_ENUM_CONVERSION = YES;
				CLANG_WARN_INFINITE_RECURSION = YES;
				CLANG_WARN_INT_CONVERSION = YES;
				CLANG_WARN_NON_LITERAL_NULL_CONVERSION = YES;
				CLANG_WARN_OBJC_IMPLICIT_RETAIN_SELF = YES;
				CLANG_WARN_OBJC_LITERAL_CONVERSION = YES;
				CLANG_WARN_OBJC_ROOT_CLASS = YES_ERROR;
				CLANG_WARN_QUOTED_INCLUDE_IN_FRAMEWORK_HEADER = YES;
				CLANG_WARN_RANGE_LOOP_ANALYSIS = YES;
				CLANG_WARN_STRICT_PROTOTYPES = YES;
				CLANG_WARN_SUSPICIOUS_MOVE = YES;
				CLANG_WARN_UNGUARDED_AVAILABILITY = YES_AGGRESSIVE;
				CLANG_WARN_UNREACHABLE_CODE = YES;
				CLANG_WARN__DUPLICATE_METHOD_MATCH = YES;
				COPY_PHASE_STRIP = NO;
				DEBUG_INFORMATION_FORMAT = "dwarf-with-dsym";
				ENABLE_NS_ASSERTIONS = NO;
				ENABLE_STRICT_OBJC_MSGSEND = YES;
				ENABLE_USER_SCRIPT_SANDBOXING = YES;
				GCC_C_LANGUAGE_STANDARD = gnu17;
				GCC_NO_COMMON_BLOCKS = YES;
				GCC_WARN_64_TO_32_BIT_CONVERSION = YES;
				GCC_WARN_ABOUT_RETURN_TYPE = YES_ERROR;
				GCC_WARN_UNDECLARED_SELECTOR = YES;
				GCC_WARN_UNINITIALIZED_AUTOS = YES_AGGRESSIVE;
				GCC_WARN_UNUSED_FUNCTION = YES;
				GCC_WARN_UNUSED_VARIABLE = YES;
				IPHONEOS_DEPLOYMENT_TARGET = 17.2;
				LOCALIZATION_PREFERS_STRING_CATALOGS = YES;
				MTL_ENABLE_DEBUG_INFO = NO;
				MTL_FAST_MATH = YES;
				SDKROOT = iphoneos;
				SWIFT_COMPILATION_MODE = wholemodule;
				VALIDATE_PRODUCT = YES;
			};
			name = Release;
		};
		8F161C4E2CC1B36400E726E7 /* Debug */ = {
			isa = XCBuildConfiguration;
			buildSettings = {
				ASSETCATALOG_COMPILER_APPICON_NAME = AppIcon;
				ASSETCATALOG_COMPILER_GLOBAL_ACCENT_COLOR_NAME = AccentColor;
				CODE_SIGN_ENTITLEMENTS = "myHealthArc-new-frontend/myHealthArc-new-frontend.entitlements";
				CODE_SIGN_IDENTITY = "Apple Development";
				CODE_SIGN_STYLE = Automatic;
				CURRENT_PROJECT_VERSION = 1;
				DEVELOPMENT_ASSET_PATHS = "\"myHealthArc-new-frontend/Preview Content\"";
				DEVELOPMENT_TEAM = K3F2M3VV44;
				ENABLE_PREVIEWS = YES;
				GENERATE_INFOPLIST_FILE = YES;
				INFOPLIST_KEY_UIApplicationSceneManifest_Generation = YES;
				INFOPLIST_KEY_UIApplicationSupportsIndirectInputEvents = YES;
				INFOPLIST_KEY_UILaunchScreen_Generation = YES;
				INFOPLIST_KEY_UISupportedInterfaceOrientations_iPad = "UIInterfaceOrientationPortrait UIInterfaceOrientationPortraitUpsideDown UIInterfaceOrientationLandscapeLeft UIInterfaceOrientationLandscapeRight";
				INFOPLIST_KEY_UISupportedInterfaceOrientations_iPhone = "UIInterfaceOrientationPortrait UIInterfaceOrientationLandscapeLeft UIInterfaceOrientationLandscapeRight";
				LD_RUNPATH_SEARCH_PATHS = (
					"$(inherited)",
					"@executable_path/Frameworks",
				);
				MARKETING_VERSION = 1.0;
				PRODUCT_BUNDLE_IDENTIFIER = "myHealthArc.myHealthArc-new-frontend";
				PRODUCT_NAME = "$(TARGET_NAME)";
				PROVISIONING_PROFILE_SPECIFIER = "";
				SWIFT_EMIT_LOC_STRINGS = YES;
				SWIFT_VERSION = 5.0;
				TARGETED_DEVICE_FAMILY = "1,2";
			};
			name = Debug;
		};
		8F161C4F2CC1B36400E726E7 /* Release */ = {
			isa = XCBuildConfiguration;
			buildSettings = {
				ASSETCATALOG_COMPILER_APPICON_NAME = AppIcon;
				ASSETCATALOG_COMPILER_GLOBAL_ACCENT_COLOR_NAME = AccentColor;
				CODE_SIGN_ENTITLEMENTS = "myHealthArc-new-frontend/myHealthArc-new-frontend.entitlements";
				CODE_SIGN_IDENTITY = "Apple Development";
				CODE_SIGN_STYLE = Automatic;
				CURRENT_PROJECT_VERSION = 1;
				DEVELOPMENT_ASSET_PATHS = "\"myHealthArc-new-frontend/Preview Content\"";
				DEVELOPMENT_TEAM = K3F2M3VV44;
				ENABLE_PREVIEWS = YES;
				GENERATE_INFOPLIST_FILE = YES;
				INFOPLIST_KEY_UIApplicationSceneManifest_Generation = YES;
				INFOPLIST_KEY_UIApplicationSupportsIndirectInputEvents = YES;
				INFOPLIST_KEY_UILaunchScreen_Generation = YES;
				INFOPLIST_KEY_UISupportedInterfaceOrientations_iPad = "UIInterfaceOrientationPortrait UIInterfaceOrientationPortraitUpsideDown UIInterfaceOrientationLandscapeLeft UIInterfaceOrientationLandscapeRight";
				INFOPLIST_KEY_UISupportedInterfaceOrientations_iPhone = "UIInterfaceOrientationPortrait UIInterfaceOrientationLandscapeLeft UIInterfaceOrientationLandscapeRight";
				LD_RUNPATH_SEARCH_PATHS = (
					"$(inherited)",
					"@executable_path/Frameworks",
				);
				MARKETING_VERSION = 1.0;
				PRODUCT_BUNDLE_IDENTIFIER = "myHealthArc.myHealthArc-new-frontend";
				PRODUCT_NAME = "$(TARGET_NAME)";
				PROVISIONING_PROFILE_SPECIFIER = "";
				SWIFT_EMIT_LOC_STRINGS = YES;
				SWIFT_VERSION = 5.0;
				TARGETED_DEVICE_FAMILY = "1,2";
			};
			name = Release;
		};
		8F161C512CC1B36400E726E7 /* Debug */ = {
			isa = XCBuildConfiguration;
			buildSettings = {
				ALWAYS_EMBED_SWIFT_STANDARD_LIBRARIES = YES;
				BUNDLE_LOADER = "$(TEST_HOST)";
				CODE_SIGN_STYLE = Automatic;
				CURRENT_PROJECT_VERSION = 1;
				DEVELOPMENT_TEAM = K3F2M3VV44;
				GENERATE_INFOPLIST_FILE = YES;
				IPHONEOS_DEPLOYMENT_TARGET = 17.2;
				MARKETING_VERSION = 1.0;
				PRODUCT_BUNDLE_IDENTIFIER = "myHealthArc.myHealthArc-new-frontendTests";
				PRODUCT_NAME = "$(TARGET_NAME)";
				SWIFT_EMIT_LOC_STRINGS = NO;
				SWIFT_VERSION = 5.0;
				TARGETED_DEVICE_FAMILY = "1,2";
				TEST_HOST = "$(BUILT_PRODUCTS_DIR)/myHealthArc-new-frontend.app/$(BUNDLE_EXECUTABLE_FOLDER_PATH)/myHealthArc-new-frontend";
			};
			name = Debug;
		};
		8F161C522CC1B36400E726E7 /* Release */ = {
			isa = XCBuildConfiguration;
			buildSettings = {
				ALWAYS_EMBED_SWIFT_STANDARD_LIBRARIES = YES;
				BUNDLE_LOADER = "$(TEST_HOST)";
				CODE_SIGN_STYLE = Automatic;
				CURRENT_PROJECT_VERSION = 1;
				DEVELOPMENT_TEAM = K3F2M3VV44;
				GENERATE_INFOPLIST_FILE = YES;
				IPHONEOS_DEPLOYMENT_TARGET = 17.2;
				MARKETING_VERSION = 1.0;
				PRODUCT_BUNDLE_IDENTIFIER = "myHealthArc.myHealthArc-new-frontendTests";
				PRODUCT_NAME = "$(TARGET_NAME)";
				SWIFT_EMIT_LOC_STRINGS = NO;
				SWIFT_VERSION = 5.0;
				TARGETED_DEVICE_FAMILY = "1,2";
				TEST_HOST = "$(BUILT_PRODUCTS_DIR)/myHealthArc-new-frontend.app/$(BUNDLE_EXECUTABLE_FOLDER_PATH)/myHealthArc-new-frontend";
			};
			name = Release;
		};
		8F161C542CC1B36400E726E7 /* Debug */ = {
			isa = XCBuildConfiguration;
			buildSettings = {
				ALWAYS_EMBED_SWIFT_STANDARD_LIBRARIES = YES;
				CODE_SIGN_STYLE = Automatic;
				CURRENT_PROJECT_VERSION = 1;
				DEVELOPMENT_TEAM = K3F2M3VV44;
				GENERATE_INFOPLIST_FILE = YES;
				MARKETING_VERSION = 1.0;
				PRODUCT_BUNDLE_IDENTIFIER = "myHealthArc.myHealthArc-new-frontendUITests";
				PRODUCT_NAME = "$(TARGET_NAME)";
				SWIFT_EMIT_LOC_STRINGS = NO;
				SWIFT_VERSION = 5.0;
				TARGETED_DEVICE_FAMILY = "1,2";
				TEST_TARGET_NAME = "myHealthArc-new-frontend";
			};
			name = Debug;
		};
		8F161C552CC1B36400E726E7 /* Release */ = {
			isa = XCBuildConfiguration;
			buildSettings = {
				ALWAYS_EMBED_SWIFT_STANDARD_LIBRARIES = YES;
				CODE_SIGN_STYLE = Automatic;
				CURRENT_PROJECT_VERSION = 1;
				DEVELOPMENT_TEAM = K3F2M3VV44;
				GENERATE_INFOPLIST_FILE = YES;
				MARKETING_VERSION = 1.0;
				PRODUCT_BUNDLE_IDENTIFIER = "myHealthArc.myHealthArc-new-frontendUITests";
				PRODUCT_NAME = "$(TARGET_NAME)";
				SWIFT_EMIT_LOC_STRINGS = NO;
				SWIFT_VERSION = 5.0;
				TARGETED_DEVICE_FAMILY = "1,2";
				TEST_TARGET_NAME = "myHealthArc-new-frontend";
			};
			name = Release;
		};
/* End XCBuildConfiguration section */

/* Begin XCConfigurationList section */
		8F161C242CC1B36200E726E7 /* Build configuration list for PBXProject "myHealthArc-new-frontend" */ = {
			isa = XCConfigurationList;
			buildConfigurations = (
				8F161C4B2CC1B36400E726E7 /* Debug */,
				8F161C4C2CC1B36400E726E7 /* Release */,
			);
			defaultConfigurationIsVisible = 0;
			defaultConfigurationName = Release;
		};
		8F161C4D2CC1B36400E726E7 /* Build configuration list for PBXNativeTarget "myHealthArc-new-frontend" */ = {
			isa = XCConfigurationList;
			buildConfigurations = (
				8F161C4E2CC1B36400E726E7 /* Debug */,
				8F161C4F2CC1B36400E726E7 /* Release */,
			);
			defaultConfigurationIsVisible = 0;
			defaultConfigurationName = Release;
		};
		8F161C502CC1B36400E726E7 /* Build configuration list for PBXNativeTarget "myHealthArc-new-frontendTests" */ = {
			isa = XCConfigurationList;
			buildConfigurations = (
				8F161C512CC1B36400E726E7 /* Debug */,
				8F161C522CC1B36400E726E7 /* Release */,
			);
			defaultConfigurationIsVisible = 0;
			defaultConfigurationName = Release;
		};
		8F161C532CC1B36400E726E7 /* Build configuration list for PBXNativeTarget "myHealthArc-new-frontendUITests" */ = {
			isa = XCConfigurationList;
			buildConfigurations = (
				8F161C542CC1B36400E726E7 /* Debug */,
				8F161C552CC1B36400E726E7 /* Release */,
			);
			defaultConfigurationIsVisible = 0;
			defaultConfigurationName = Release;
		};
/* End XCConfigurationList section */
	};
	rootObject = 8F161C212CC1B36200E726E7 /* Project object */;
}
