// !$*UTF8*$!
{
	archiveVersion = 1;
	classes = {
	};
	objectVersion = 77;
	objects = {

/* Begin PBXContainerItemProxy section */
		5A9D35552CADE27D00D794F1 /* PBXContainerItemProxy */ = {
			isa = PBXContainerItemProxy;
			containerPortal = 5A9D353C2CADE27B00D794F1 /* Project object */;
			proxyType = 1;
			remoteGlobalIDString = 5A9D35432CADE27B00D794F1;
			remoteInfo = myHealthArcApp;
		};
		5A9D355F2CADE27D00D794F1 /* PBXContainerItemProxy */ = {
			isa = PBXContainerItemProxy;
			containerPortal = 5A9D353C2CADE27B00D794F1 /* Project object */;
			proxyType = 1;
			remoteGlobalIDString = 5A9D35432CADE27B00D794F1;
			remoteInfo = myHealthArcApp;
		};
/* End PBXContainerItemProxy section */

/* Begin PBXFileReference section */
		5A9D35442CADE27B00D794F1 /* myHealthArcApp.app */ = {isa = PBXFileReference; explicitFileType = wrapper.application; includeInIndex = 0; path = myHealthArcApp.app; sourceTree = BUILT_PRODUCTS_DIR; };
		5A9D35542CADE27D00D794F1 /* myHealthArcAppTests.xctest */ = {isa = PBXFileReference; explicitFileType = wrapper.cfbundle; includeInIndex = 0; path = myHealthArcAppTests.xctest; sourceTree = BUILT_PRODUCTS_DIR; };
		5A9D355E2CADE27D00D794F1 /* myHealthArcAppUITests.xctest */ = {isa = PBXFileReference; explicitFileType = wrapper.cfbundle; includeInIndex = 0; path = myHealthArcAppUITests.xctest; sourceTree = BUILT_PRODUCTS_DIR; };
/* End PBXFileReference section */

/* Begin PBXFileSystemSynchronizedRootGroup section */
		5A9D35462CADE27B00D794F1 /* myHealthArcApp */ = {
			isa = PBXFileSystemSynchronizedRootGroup;
			path = myHealthArcApp;
			sourceTree = "<group>";
		};
		5A9D35572CADE27D00D794F1 /* myHealthArcAppTests */ = {
			isa = PBXFileSystemSynchronizedRootGroup;
			path = myHealthArcAppTests;
			sourceTree = "<group>";
		};
		5A9D35612CADE27D00D794F1 /* myHealthArcAppUITests */ = {
			isa = PBXFileSystemSynchronizedRootGroup;
			path = myHealthArcAppUITests;
			sourceTree = "<group>";
		};
/* End PBXFileSystemSynchronizedRootGroup section */

/* Begin PBXFrameworksBuildPhase section */
		5A9D35412CADE27B00D794F1 /* Frameworks */ = {
			isa = PBXFrameworksBuildPhase;
			buildActionMask = 2147483647;
			files = (
			);
			runOnlyForDeploymentPostprocessing = 0;
		};
		5A9D35512CADE27D00D794F1 /* Frameworks */ = {
			isa = PBXFrameworksBuildPhase;
			buildActionMask = 2147483647;
			files = (
			);
			runOnlyForDeploymentPostprocessing = 0;
		};
		5A9D355B2CADE27D00D794F1 /* Frameworks */ = {
			isa = PBXFrameworksBuildPhase;
			buildActionMask = 2147483647;
			files = (
			);
			runOnlyForDeploymentPostprocessing = 0;
		};
/* End PBXFrameworksBuildPhase section */

/* Begin PBXGroup section */
		5A9D353B2CADE27B00D794F1 = {
			isa = PBXGroup;
			children = (
				5A9D35462CADE27B00D794F1 /* myHealthArcApp */,
				5A9D35572CADE27D00D794F1 /* myHealthArcAppTests */,
				5A9D35612CADE27D00D794F1 /* myHealthArcAppUITests */,
				5A9D35452CADE27B00D794F1 /* Products */,
			);
			sourceTree = "<group>";
		};
		5A9D35452CADE27B00D794F1 /* Products */ = {
			isa = PBXGroup;
			children = (
				5A9D35442CADE27B00D794F1 /* myHealthArcApp.app */,
				5A9D35542CADE27D00D794F1 /* myHealthArcAppTests.xctest */,
				5A9D355E2CADE27D00D794F1 /* myHealthArcAppUITests.xctest */,
			);
			name = Products;
			sourceTree = "<group>";
		};
/* End PBXGroup section */

/* Begin PBXNativeTarget section */
		5A9D35432CADE27B00D794F1 /* myHealthArcApp */ = {
			isa = PBXNativeTarget;
			buildConfigurationList = 5A9D35682CADE27D00D794F1 /* Build configuration list for PBXNativeTarget "myHealthArcApp" */;
			buildPhases = (
				5A9D35402CADE27B00D794F1 /* Sources */,
				5A9D35412CADE27B00D794F1 /* Frameworks */,
				5A9D35422CADE27B00D794F1 /* Resources */,
			);
			buildRules = (
			);
			dependencies = (
			);
			fileSystemSynchronizedGroups = (
				5A9D35462CADE27B00D794F1 /* myHealthArcApp */,
			);
			name = myHealthArcApp;
			packageProductDependencies = (
			);
			productName = myHealthArcApp;
			productReference = 5A9D35442CADE27B00D794F1 /* myHealthArcApp.app */;
			productType = "com.apple.product-type.application";
		};
		5A9D35532CADE27D00D794F1 /* myHealthArcAppTests */ = {
			isa = PBXNativeTarget;
			buildConfigurationList = 5A9D356B2CADE27D00D794F1 /* Build configuration list for PBXNativeTarget "myHealthArcAppTests" */;
			buildPhases = (
				5A9D35502CADE27D00D794F1 /* Sources */,
				5A9D35512CADE27D00D794F1 /* Frameworks */,
				5A9D35522CADE27D00D794F1 /* Resources */,
			);
			buildRules = (
			);
			dependencies = (
				5A9D35562CADE27D00D794F1 /* PBXTargetDependency */,
			);
			fileSystemSynchronizedGroups = (
				5A9D35572CADE27D00D794F1 /* myHealthArcAppTests */,
			);
			name = myHealthArcAppTests;
			packageProductDependencies = (
			);
			productName = myHealthArcAppTests;
			productReference = 5A9D35542CADE27D00D794F1 /* myHealthArcAppTests.xctest */;
			productType = "com.apple.product-type.bundle.unit-test";
		};
		5A9D355D2CADE27D00D794F1 /* myHealthArcAppUITests */ = {
			isa = PBXNativeTarget;
			buildConfigurationList = 5A9D356E2CADE27D00D794F1 /* Build configuration list for PBXNativeTarget "myHealthArcAppUITests" */;
			buildPhases = (
				5A9D355A2CADE27D00D794F1 /* Sources */,
				5A9D355B2CADE27D00D794F1 /* Frameworks */,
				5A9D355C2CADE27D00D794F1 /* Resources */,
			);
			buildRules = (
			);
			dependencies = (
				5A9D35602CADE27D00D794F1 /* PBXTargetDependency */,
			);
			fileSystemSynchronizedGroups = (
				5A9D35612CADE27D00D794F1 /* myHealthArcAppUITests */,
			);
			name = myHealthArcAppUITests;
			packageProductDependencies = (
			);
			productName = myHealthArcAppUITests;
			productReference = 5A9D355E2CADE27D00D794F1 /* myHealthArcAppUITests.xctest */;
			productType = "com.apple.product-type.bundle.ui-testing";
		};
/* End PBXNativeTarget section */

/* Begin PBXProject section */
		5A9D353C2CADE27B00D794F1 /* Project object */ = {
			isa = PBXProject;
			attributes = {
				BuildIndependentTargetsInParallel = 1;
				LastSwiftUpdateCheck = 1600;
				LastUpgradeCheck = 1600;
				TargetAttributes = {
					5A9D35432CADE27B00D794F1 = {
						CreatedOnToolsVersion = 16.0;
					};
					5A9D35532CADE27D00D794F1 = {
						CreatedOnToolsVersion = 16.0;
						TestTargetID = 5A9D35432CADE27B00D794F1;
					};
					5A9D355D2CADE27D00D794F1 = {
						CreatedOnToolsVersion = 16.0;
						TestTargetID = 5A9D35432CADE27B00D794F1;
					};
				};
			};
			buildConfigurationList = 5A9D353F2CADE27B00D794F1 /* Build configuration list for PBXProject "myHealthArcApp" */;
			developmentRegion = en;
			hasScannedForEncodings = 0;
			knownRegions = (
				en,
				Base,
			);
			mainGroup = 5A9D353B2CADE27B00D794F1;
			minimizedProjectReferenceProxies = 1;
			preferredProjectObjectVersion = 77;
			productRefGroup = 5A9D35452CADE27B00D794F1 /* Products */;
			projectDirPath = "";
			projectRoot = "";
			targets = (
				5A9D35432CADE27B00D794F1 /* myHealthArcApp */,
				5A9D35532CADE27D00D794F1 /* myHealthArcAppTests */,
				5A9D355D2CADE27D00D794F1 /* myHealthArcAppUITests */,
			);
		};
/* End PBXProject section */

/* Begin PBXResourcesBuildPhase section */
		5A9D35422CADE27B00D794F1 /* Resources */ = {
			isa = PBXResourcesBuildPhase;
			buildActionMask = 2147483647;
			files = (
			);
			runOnlyForDeploymentPostprocessing = 0;
		};
		5A9D35522CADE27D00D794F1 /* Resources */ = {
			isa = PBXResourcesBuildPhase;
			buildActionMask = 2147483647;
			files = (
			);
			runOnlyForDeploymentPostprocessing = 0;
		};
		5A9D355C2CADE27D00D794F1 /* Resources */ = {
			isa = PBXResourcesBuildPhase;
			buildActionMask = 2147483647;
			files = (
			);
			runOnlyForDeploymentPostprocessing = 0;
		};
/* End PBXResourcesBuildPhase section */

/* Begin PBXSourcesBuildPhase section */
		5A9D35402CADE27B00D794F1 /* Sources */ = {
			isa = PBXSourcesBuildPhase;
			buildActionMask = 2147483647;
			files = (
			);
			runOnlyForDeploymentPostprocessing = 0;
		};
		5A9D35502CADE27D00D794F1 /* Sources */ = {
			isa = PBXSourcesBuildPhase;
			buildActionMask = 2147483647;
			files = (
			);
			runOnlyForDeploymentPostprocessing = 0;
		};
		5A9D355A2CADE27D00D794F1 /* Sources */ = {
			isa = PBXSourcesBuildPhase;
			buildActionMask = 2147483647;
			files = (
			);
			runOnlyForDeploymentPostprocessing = 0;
		};
/* End PBXSourcesBuildPhase section */

/* Begin PBXTargetDependency section */
		5A9D35562CADE27D00D794F1 /* PBXTargetDependency */ = {
			isa = PBXTargetDependency;
			target = 5A9D35432CADE27B00D794F1 /* myHealthArcApp */;
			targetProxy = 5A9D35552CADE27D00D794F1 /* PBXContainerItemProxy */;
		};
		5A9D35602CADE27D00D794F1 /* PBXTargetDependency */ = {
			isa = PBXTargetDependency;
			target = 5A9D35432CADE27B00D794F1 /* myHealthArcApp */;
			targetProxy = 5A9D355F2CADE27D00D794F1 /* PBXContainerItemProxy */;
		};
/* End PBXTargetDependency section */

/* Begin XCBuildConfiguration section */
		5A9D35662CADE27D00D794F1 /* Debug */ = {
			isa = XCBuildConfiguration;
			buildSettings = {
				ALWAYS_SEARCH_USER_PATHS = NO;
				ASSETCATALOG_COMPILER_GENERATE_SWIFT_ASSET_SYMBOL_EXTENSIONS = YES;
				CLANG_ANALYZER_NONNULL = YES;
				CLANG_ANALYZER_NUMBER_OBJECT_CONVERSION = YES_AGGRESSIVE;
				CLANG_CXX_LANGUAGE_STANDARD = "gnu++20";
				CLANG_ENABLE_MODULES = YES;
				CLANG_ENABLE_OBJC_ARC = YES;
				CLANG_ENABLE_OBJC_WEAK = YES;
				CLANG_WARN_BLOCK_CAPTURE_AUTORELEASING = YES;
				CLANG_WARN_BOOL_CONVERSION = YES;
				CLANG_WARN_COMMA = YES;
				CLANG_WARN_CONSTANT_CONVERSION = YES;
				CLANG_WARN_DEPRECATED_OBJC_IMPLEMENTATIONS = YES;
				CLANG_WARN_DIRECT_OBJC_ISA_USAGE = YES_ERROR;
				CLANG_WARN_DOCUMENTATION_COMMENTS = YES;
				CLANG_WARN_EMPTY_BODY = YES;
				CLANG_WARN_ENUM_CONVERSION = YES;
				CLANG_WARN_INFINITE_RECURSION = YES;
				CLANG_WARN_INT_CONVERSION = YES;
				CLANG_WARN_NON_LITERAL_NULL_CONVERSION = YES;
				CLANG_WARN_OBJC_IMPLICIT_RETAIN_SELF = YES;
				CLANG_WARN_OBJC_LITERAL_CONVERSION = YES;
				CLANG_WARN_OBJC_ROOT_CLASS = YES_ERROR;
				CLANG_WARN_QUOTED_INCLUDE_IN_FRAMEWORK_HEADER = YES;
				CLANG_WARN_RANGE_LOOP_ANALYSIS = YES;
				CLANG_WARN_STRICT_PROTOTYPES = YES;
				CLANG_WARN_SUSPICIOUS_MOVE = YES;
				CLANG_WARN_UNGUARDED_AVAILABILITY = YES_AGGRESSIVE;
				CLANG_WARN_UNREACHABLE_CODE = YES;
				CLANG_WARN__DUPLICATE_METHOD_MATCH = YES;
				COPY_PHASE_STRIP = NO;
				DEBUG_INFORMATION_FORMAT = dwarf;
				ENABLE_STRICT_OBJC_MSGSEND = YES;
				ENABLE_TESTABILITY = YES;
				ENABLE_USER_SCRIPT_SANDBOXING = YES;
				GCC_C_LANGUAGE_STANDARD = gnu17;
				GCC_DYNAMIC_NO_PIC = NO;
				GCC_NO_COMMON_BLOCKS = YES;
				GCC_OPTIMIZATION_LEVEL = 0;
				GCC_PREPROCESSOR_DEFINITIONS = (
					"DEBUG=1",
					"$(inherited)",
				);
				GCC_WARN_64_TO_32_BIT_CONVERSION = YES;
				GCC_WARN_ABOUT_RETURN_TYPE = YES_ERROR;
				GCC_WARN_UNDECLARED_SELECTOR = YES;
				GCC_WARN_UNINITIALIZED_AUTOS = YES_AGGRESSIVE;
				GCC_WARN_UNUSED_FUNCTION = YES;
				GCC_WARN_UNUSED_VARIABLE = YES;
				IPHONEOS_DEPLOYMENT_TARGET = 18.0;
				LOCALIZATION_PREFERS_STRING_CATALOGS = YES;
				MTL_ENABLE_DEBUG_INFO = INCLUDE_SOURCE;
				MTL_FAST_MATH = YES;
				ONLY_ACTIVE_ARCH = YES;
				SDKROOT = iphoneos;
				SWIFT_ACTIVE_COMPILATION_CONDITIONS = "DEBUG $(inherited)";
				SWIFT_OPTIMIZATION_LEVEL = "-Onone";
			};
			name = Debug;
		};
		5A9D35672CADE27D00D794F1 /* Release */ = {
			isa = XCBuildConfiguration;
			buildSettings = {
				ALWAYS_SEARCH_USER_PATHS = NO;
				ASSETCATALOG_COMPILER_GENERATE_SWIFT_ASSET_SYMBOL_EXTENSIONS = YES;
				CLANG_ANALYZER_NONNULL = YES;
				CLANG_ANALYZER_NUMBER_OBJECT_CONVERSION = YES_AGGRESSIVE;
				CLANG_CXX_LANGUAGE_STANDARD = "gnu++20";
				CLANG_ENABLE_MODULES = YES;
				CLANG_ENABLE_OBJC_ARC = YES;
				CLANG_ENABLE_OBJC_WEAK = YES;
				CLANG_WARN_BLOCK_CAPTURE_AUTORELEASING = YES;
				CLANG_WARN_BOOL_CONVERSION = YES;
				CLANG_WARN_COMMA = YES;
				CLANG_WARN_CONSTANT_CONVERSION = YES;
				CLANG_WARN_DEPRECATED_OBJC_IMPLEMENTATIONS = YES;
				CLANG_WARN_DIRECT_OBJC_ISA_USAGE = YES_ERROR;
				CLANG_WARN_DOCUMENTATION_COMMENTS = YES;
				CLANG_WARN_EMPTY_BODY = YES;
				CLANG_WARN_ENUM_CONVERSION = YES;
				CLANG_WARN_INFINITE_RECURSION = YES;
				CLANG_WARN_INT_CONVERSION = YES;
				CLANG_WARN_NON_LITERAL_NULL_CONVERSION = YES;
				CLANG_WARN_OBJC_IMPLICIT_RETAIN_SELF = YES;
				CLANG_WARN_OBJC_LITERAL_CONVERSION = YES;
				CLANG_WARN_OBJC_ROOT_CLASS = YES_ERROR;
				CLANG_WARN_QUOTED_INCLUDE_IN_FRAMEWORK_HEADER = YES;
				CLANG_WARN_RANGE_LOOP_ANALYSIS = YES;
				CLANG_WARN_STRICT_PROTOTYPES = YES;
				CLANG_WARN_SUSPICIOUS_MOVE = YES;
				CLANG_WARN_UNGUARDED_AVAILABILITY = YES_AGGRESSIVE;
				CLANG_WARN_UNREACHABLE_CODE = YES;
				CLANG_WARN__DUPLICATE_METHOD_MATCH = YES;
				COPY_PHASE_STRIP = NO;
				DEBUG_INFORMATION_FORMAT = "dwarf-with-dsym";
				ENABLE_NS_ASSERTIONS = NO;
				ENABLE_STRICT_OBJC_MSGSEND = YES;
				ENABLE_USER_SCRIPT_SANDBOXING = YES;
				GCC_C_LANGUAGE_STANDARD = gnu17;
				GCC_NO_COMMON_BLOCKS = YES;
				GCC_WARN_64_TO_32_BIT_CONVERSION = YES;
				GCC_WARN_ABOUT_RETURN_TYPE = YES_ERROR;
				GCC_WARN_UNDECLARED_SELECTOR = YES;
				GCC_WARN_UNINITIALIZED_AUTOS = YES_AGGRESSIVE;
				GCC_WARN_UNUSED_FUNCTION = YES;
				GCC_WARN_UNUSED_VARIABLE = YES;
				IPHONEOS_DEPLOYMENT_TARGET = 18.0;
				LOCALIZATION_PREFERS_STRING_CATALOGS = YES;
				MTL_ENABLE_DEBUG_INFO = NO;
				MTL_FAST_MATH = YES;
				SDKROOT = iphoneos;
				SWIFT_COMPILATION_MODE = wholemodule;
				VALIDATE_PRODUCT = YES;
			};
			name = Release;
		};
		5A9D35692CADE27D00D794F1 /* Debug */ = {
			isa = XCBuildConfiguration;
			buildSettings = {
				ASSETCATALOG_COMPILER_APPICON_NAME = AppIcon;
				ASSETCATALOG_COMPILER_GLOBAL_ACCENT_COLOR_NAME = AccentColor;
				CODE_SIGN_STYLE = Automatic;
				CURRENT_PROJECT_VERSION = 1;
				DEVELOPMENT_ASSET_PATHS = "\"myHealthArcApp/Preview Content\"";
				ENABLE_PREVIEWS = YES;
				GENERATE_INFOPLIST_FILE = YES;
				INFOPLIST_KEY_UIApplicationSceneManifest_Generation = YES;
				INFOPLIST_KEY_UIApplicationSupportsIndirectInputEvents = YES;
				INFOPLIST_KEY_UILaunchScreen_Generation = YES;
				INFOPLIST_KEY_UISupportedInterfaceOrientations_iPad = "UIInterfaceOrientationPortrait UIInterfaceOrientationPortraitUpsideDown UIInterfaceOrientationLandscapeLeft UIInterfaceOrientationLandscapeRight";
				INFOPLIST_KEY_UISupportedInterfaceOrientations_iPhone = "UIInterfaceOrientationPortrait UIInterfaceOrientationLandscapeLeft UIInterfaceOrientationLandscapeRight";
				LD_RUNPATH_SEARCH_PATHS = (
					"$(inherited)",
					"@executable_path/Frameworks",
				);
				MARKETING_VERSION = 1.0;
				PRODUCT_BUNDLE_IDENTIFIER = MackayFisher.myHealthArcApp;
				PRODUCT_NAME = "$(TARGET_NAME)";
				SWIFT_EMIT_LOC_STRINGS = YES;
				SWIFT_VERSION = 5.0;
				TARGETED_DEVICE_FAMILY = "1,2";
			};
			name = Debug;
		};
		5A9D356A2CADE27D00D794F1 /* Release */ = {
			isa = XCBuildConfiguration;
			buildSettings = {
				ASSETCATALOG_COMPILER_APPICON_NAME = AppIcon;
				ASSETCATALOG_COMPILER_GLOBAL_ACCENT_COLOR_NAME = AccentColor;
				CODE_SIGN_STYLE = Automatic;
				CURRENT_PROJECT_VERSION = 1;
				DEVELOPMENT_ASSET_PATHS = "\"myHealthArcApp/Preview Content\"";
				ENABLE_PREVIEWS = YES;
				GENERATE_INFOPLIST_FILE = YES;
				INFOPLIST_KEY_UIApplicationSceneManifest_Generation = YES;
				INFOPLIST_KEY_UIApplicationSupportsIndirectInputEvents = YES;
				INFOPLIST_KEY_UILaunchScreen_Generation = YES;
				INFOPLIST_KEY_UISupportedInterfaceOrientations_iPad = "UIInterfaceOrientationPortrait UIInterfaceOrientationPortraitUpsideDown UIInterfaceOrientationLandscapeLeft UIInterfaceOrientationLandscapeRight";
				INFOPLIST_KEY_UISupportedInterfaceOrientations_iPhone = "UIInterfaceOrientationPortrait UIInterfaceOrientationLandscapeLeft UIInterfaceOrientationLandscapeRight";
				LD_RUNPATH_SEARCH_PATHS = (
					"$(inherited)",
					"@executable_path/Frameworks",
				);
				MARKETING_VERSION = 1.0;
				PRODUCT_BUNDLE_IDENTIFIER = MackayFisher.myHealthArcApp;
				PRODUCT_NAME = "$(TARGET_NAME)";
				SWIFT_EMIT_LOC_STRINGS = YES;
				SWIFT_VERSION = 5.0;
				TARGETED_DEVICE_FAMILY = "1,2";
			};
			name = Release;
		};
		5A9D356C2CADE27D00D794F1 /* Debug */ = {
			isa = XCBuildConfiguration;
			buildSettings = {
				BUNDLE_LOADER = "$(TEST_HOST)";
				CODE_SIGN_STYLE = Automatic;
				CURRENT_PROJECT_VERSION = 1;
				GENERATE_INFOPLIST_FILE = YES;
				IPHONEOS_DEPLOYMENT_TARGET = 18.0;
				MARKETING_VERSION = 1.0;
				PRODUCT_BUNDLE_IDENTIFIER = MackayFisher.myHealthArcAppTests;
				PRODUCT_NAME = "$(TARGET_NAME)";
				SWIFT_EMIT_LOC_STRINGS = NO;
				SWIFT_VERSION = 5.0;
				TARGETED_DEVICE_FAMILY = "1,2";
				TEST_HOST = "$(BUILT_PRODUCTS_DIR)/myHealthArcApp.app/$(BUNDLE_EXECUTABLE_FOLDER_PATH)/myHealthArcApp";
			};
			name = Debug;
		};
		5A9D356D2CADE27D00D794F1 /* Release */ = {
			isa = XCBuildConfiguration;
			buildSettings = {
				BUNDLE_LOADER = "$(TEST_HOST)";
				CODE_SIGN_STYLE = Automatic;
				CURRENT_PROJECT_VERSION = 1;
				GENERATE_INFOPLIST_FILE = YES;
				IPHONEOS_DEPLOYMENT_TARGET = 18.0;
				MARKETING_VERSION = 1.0;
				PRODUCT_BUNDLE_IDENTIFIER = MackayFisher.myHealthArcAppTests;
				PRODUCT_NAME = "$(TARGET_NAME)";
				SWIFT_EMIT_LOC_STRINGS = NO;
				SWIFT_VERSION = 5.0;
				TARGETED_DEVICE_FAMILY = "1,2";
				TEST_HOST = "$(BUILT_PRODUCTS_DIR)/myHealthArcApp.app/$(BUNDLE_EXECUTABLE_FOLDER_PATH)/myHealthArcApp";
			};
			name = Release;
		};
		5A9D356F2CADE27D00D794F1 /* Debug */ = {
			isa = XCBuildConfiguration;
			buildSettings = {
				CODE_SIGN_STYLE = Automatic;
				CURRENT_PROJECT_VERSION = 1;
				GENERATE_INFOPLIST_FILE = YES;
				MARKETING_VERSION = 1.0;
				PRODUCT_BUNDLE_IDENTIFIER = MackayFisher.myHealthArcAppUITests;
				PRODUCT_NAME = "$(TARGET_NAME)";
				SWIFT_EMIT_LOC_STRINGS = NO;
				SWIFT_VERSION = 5.0;
				TARGETED_DEVICE_FAMILY = "1,2";
				TEST_TARGET_NAME = myHealthArcApp;
			};
			name = Debug;
		};
		5A9D35702CADE27D00D794F1 /* Release */ = {
			isa = XCBuildConfiguration;
			buildSettings = {
				CODE_SIGN_STYLE = Automatic;
				CURRENT_PROJECT_VERSION = 1;
				GENERATE_INFOPLIST_FILE = YES;
				MARKETING_VERSION = 1.0;
				PRODUCT_BUNDLE_IDENTIFIER = MackayFisher.myHealthArcAppUITests;
				PRODUCT_NAME = "$(TARGET_NAME)";
				SWIFT_EMIT_LOC_STRINGS = NO;
				SWIFT_VERSION = 5.0;
				TARGETED_DEVICE_FAMILY = "1,2";
				TEST_TARGET_NAME = myHealthArcApp;
			};
			name = Release;
		};
/* End XCBuildConfiguration section */

/* Begin XCConfigurationList section */
		5A9D353F2CADE27B00D794F1 /* Build configuration list for PBXProject "myHealthArcApp" */ = {
			isa = XCConfigurationList;
			buildConfigurations = (
				5A9D35662CADE27D00D794F1 /* Debug */,
				5A9D35672CADE27D00D794F1 /* Release */,
			);
			defaultConfigurationIsVisible = 0;
			defaultConfigurationName = Release;
		};
		5A9D35682CADE27D00D794F1 /* Build configuration list for PBXNativeTarget "myHealthArcApp" */ = {
			isa = XCConfigurationList;
			buildConfigurations = (
				5A9D35692CADE27D00D794F1 /* Debug */,
				5A9D356A2CADE27D00D794F1 /* Release */,
			);
			defaultConfigurationIsVisible = 0;
			defaultConfigurationName = Release;
		};
		5A9D356B2CADE27D00D794F1 /* Build configuration list for PBXNativeTarget "myHealthArcAppTests" */ = {
			isa = XCConfigurationList;
			buildConfigurations = (
				5A9D356C2CADE27D00D794F1 /* Debug */,
				5A9D356D2CADE27D00D794F1 /* Release */,
			);
			defaultConfigurationIsVisible = 0;
			defaultConfigurationName = Release;
		};
		5A9D356E2CADE27D00D794F1 /* Build configuration list for PBXNativeTarget "myHealthArcAppUITests" */ = {
			isa = XCConfigurationList;
			buildConfigurations = (
				5A9D356F2CADE27D00D794F1 /* Debug */,
				5A9D35702CADE27D00D794F1 /* Release */,
			);
			defaultConfigurationIsVisible = 0;
			defaultConfigurationName = Release;
		};
/* End XCConfigurationList section */
	};
	rootObject = 5A9D353C2CADE27B00D794F1 /* Project object */;
}
